// !$*UTF8*$!
{
	archiveVersion = 1;
	classes = {
	};
	objectVersion = 55;
	objects = {

/* Begin PBXBuildFile section */
		9420559728DF88F900A762F8 /* AppDelegate.swift in Sources */ = {isa = PBXBuildFile; fileRef = 9420559628DF88F900A762F8 /* AppDelegate.swift */; };
		9420559928DF88F900A762F8 /* SceneDelegate.swift in Sources */ = {isa = PBXBuildFile; fileRef = 9420559828DF88F900A762F8 /* SceneDelegate.swift */; };
		9420559B28DF88F900A762F8 /* ViewController.swift in Sources */ = {isa = PBXBuildFile; fileRef = 9420559A28DF88F900A762F8 /* ViewController.swift */; };
		9420559E28DF88F900A762F8 /* Main.storyboard in Resources */ = {isa = PBXBuildFile; fileRef = 9420559C28DF88F900A762F8 /* Main.storyboard */; };
		942055A028DF88FD00A762F8 /* Assets.xcassets in Resources */ = {isa = PBXBuildFile; fileRef = 9420559F28DF88FD00A762F8 /* Assets.xcassets */; };
		942055A328DF88FD00A762F8 /* LaunchScreen.storyboard in Resources */ = {isa = PBXBuildFile; fileRef = 942055A128DF88FD00A762F8 /* LaunchScreen.storyboard */; };
		942055AE28DF88FD00A762F8 /* BasicTableViewControllerTests.swift in Sources */ = {isa = PBXBuildFile; fileRef = 942055AD28DF88FD00A762F8 /* BasicTableViewControllerTests.swift */; };
		942055B828DF88FD00A762F8 /* BasicTableViewControllerUITests.swift in Sources */ = {isa = PBXBuildFile; fileRef = 942055B728DF88FD00A762F8 /* BasicTableViewControllerUITests.swift */; };
		942055BA28DF88FD00A762F8 /* BasicTableViewControllerUITestsLaunchTests.swift in Sources */ = {isa = PBXBuildFile; fileRef = 942055B928DF88FD00A762F8 /* BasicTableViewControllerUITestsLaunchTests.swift */; };
/* End PBXBuildFile section */

/* Begin PBXContainerItemProxy section */
		942055AA28DF88FD00A762F8 /* PBXContainerItemProxy */ = {
			isa = PBXContainerItemProxy;
			containerPortal = 9420558B28DF88F900A762F8 /* Project object */;
			proxyType = 1;
			remoteGlobalIDString = 9420559228DF88F900A762F8;
			remoteInfo = BasicTableViewController;
		};
		942055B428DF88FD00A762F8 /* PBXContainerItemProxy */ = {
			isa = PBXContainerItemProxy;
			containerPortal = 9420558B28DF88F900A762F8 /* Project object */;
			proxyType = 1;
			remoteGlobalIDString = 9420559228DF88F900A762F8;
			remoteInfo = BasicTableViewController;
		};
/* End PBXContainerItemProxy section */

/* Begin PBXFileReference section */
		9420559328DF88F900A762F8 /* BasicTableViewController.app */ = {isa = PBXFileReference; explicitFileType = wrapper.application; includeInIndex = 0; path = BasicTableViewController.app; sourceTree = BUILT_PRODUCTS_DIR; };
		9420559628DF88F900A762F8 /* AppDelegate.swift */ = {isa = PBXFileReference; lastKnownFileType = sourcecode.swift; path = AppDelegate.swift; sourceTree = "<group>"; };
		9420559828DF88F900A762F8 /* SceneDelegate.swift */ = {isa = PBXFileReference; lastKnownFileType = sourcecode.swift; path = SceneDelegate.swift; sourceTree = "<group>"; };
		9420559A28DF88F900A762F8 /* ViewController.swift */ = {isa = PBXFileReference; lastKnownFileType = sourcecode.swift; path = ViewController.swift; sourceTree = "<group>"; };
		9420559D28DF88F900A762F8 /* Base */ = {isa = PBXFileReference; lastKnownFileType = file.storyboard; name = Base; path = Base.lproj/Main.storyboard; sourceTree = "<group>"; };
		9420559F28DF88FD00A762F8 /* Assets.xcassets */ = {isa = PBXFileReference; lastKnownFileType = folder.assetcatalog; path = Assets.xcassets; sourceTree = "<group>"; };
		942055A228DF88FD00A762F8 /* Base */ = {isa = PBXFileReference; lastKnownFileType = file.storyboard; name = Base; path = Base.lproj/LaunchScreen.storyboard; sourceTree = "<group>"; };
		942055A428DF88FD00A762F8 /* Info.plist */ = {isa = PBXFileReference; lastKnownFileType = text.plist.xml; path = Info.plist; sourceTree = "<group>"; };
		942055A928DF88FD00A762F8 /* BasicTableViewControllerTests.xctest */ = {isa = PBXFileReference; explicitFileType = wrapper.cfbundle; includeInIndex = 0; path = BasicTableViewControllerTests.xctest; sourceTree = BUILT_PRODUCTS_DIR; };
		942055AD28DF88FD00A762F8 /* BasicTableViewControllerTests.swift */ = {isa = PBXFileReference; lastKnownFileType = sourcecode.swift; path = BasicTableViewControllerTests.swift; sourceTree = "<group>"; };
		942055B328DF88FD00A762F8 /* BasicTableViewControllerUITests.xctest */ = {isa = PBXFileReference; explicitFileType = wrapper.cfbundle; includeInIndex = 0; path = BasicTableViewControllerUITests.xctest; sourceTree = BUILT_PRODUCTS_DIR; };
		942055B728DF88FD00A762F8 /* BasicTableViewControllerUITests.swift */ = {isa = PBXFileReference; lastKnownFileType = sourcecode.swift; path = BasicTableViewControllerUITests.swift; sourceTree = "<group>"; };
		942055B928DF88FD00A762F8 /* BasicTableViewControllerUITestsLaunchTests.swift */ = {isa = PBXFileReference; lastKnownFileType = sourcecode.swift; path = BasicTableViewControllerUITestsLaunchTests.swift; sourceTree = "<group>"; };
/* End PBXFileReference section */

/* Begin PBXFrameworksBuildPhase section */
		9420559028DF88F900A762F8 /* Frameworks */ = {
			isa = PBXFrameworksBuildPhase;
			buildActionMask = 2147483647;
			files = (
			);
			runOnlyForDeploymentPostprocessing = 0;
		};
		942055A628DF88FD00A762F8 /* Frameworks */ = {
			isa = PBXFrameworksBuildPhase;
			buildActionMask = 2147483647;
			files = (
			);
			runOnlyForDeploymentPostprocessing = 0;
		};
		942055B028DF88FD00A762F8 /* Frameworks */ = {
			isa = PBXFrameworksBuildPhase;
			buildActionMask = 2147483647;
			files = (
			);
			runOnlyForDeploymentPostprocessing = 0;
		};
/* End PBXFrameworksBuildPhase section */

/* Begin PBXGroup section */
		9420558A28DF88F900A762F8 = {
			isa = PBXGroup;
			children = (
				9420559528DF88F900A762F8 /* BasicTableViewController */,
				942055AC28DF88FD00A762F8 /* BasicTableViewControllerTests */,
				942055B628DF88FD00A762F8 /* BasicTableViewControllerUITests */,
				9420559428DF88F900A762F8 /* Products */,
			);
			sourceTree = "<group>";
		};
		9420559428DF88F900A762F8 /* Products */ = {
			isa = PBXGroup;
			children = (
				9420559328DF88F900A762F8 /* BasicTableViewController.app */,
				942055A928DF88FD00A762F8 /* BasicTableViewControllerTests.xctest */,
				942055B328DF88FD00A762F8 /* BasicTableViewControllerUITests.xctest */,
			);
			name = Products;
			sourceTree = "<group>";
		};
		9420559528DF88F900A762F8 /* BasicTableViewController */ = {
			isa = PBXGroup;
			children = (
				9420559628DF88F900A762F8 /* AppDelegate.swift */,
				9420559828DF88F900A762F8 /* SceneDelegate.swift */,
				9420559A28DF88F900A762F8 /* ViewController.swift */,
				9420559C28DF88F900A762F8 /* Main.storyboard */,
				9420559F28DF88FD00A762F8 /* Assets.xcassets */,
				942055A128DF88FD00A762F8 /* LaunchScreen.storyboard */,
				942055A428DF88FD00A762F8 /* Info.plist */,
			);
			path = BasicTableViewController;
			sourceTree = "<group>";
		};
		942055AC28DF88FD00A762F8 /* BasicTableViewControllerTests */ = {
			isa = PBXGroup;
			children = (
				942055AD28DF88FD00A762F8 /* BasicTableViewControllerTests.swift */,
			);
			path = BasicTableViewControllerTests;
			sourceTree = "<group>";
		};
		942055B628DF88FD00A762F8 /* BasicTableViewControllerUITests */ = {
			isa = PBXGroup;
			children = (
				942055B728DF88FD00A762F8 /* BasicTableViewControllerUITests.swift */,
				942055B928DF88FD00A762F8 /* BasicTableViewControllerUITestsLaunchTests.swift */,
			);
			path = BasicTableViewControllerUITests;
			sourceTree = "<group>";
		};
/* End PBXGroup section */

/* Begin PBXNativeTarget section */
		9420559228DF88F900A762F8 /* BasicTableViewController */ = {
			isa = PBXNativeTarget;
			buildConfigurationList = 942055BD28DF88FD00A762F8 /* Build configuration list for PBXNativeTarget "BasicTableViewController" */;
			buildPhases = (
				9420558F28DF88F900A762F8 /* Sources */,
				9420559028DF88F900A762F8 /* Frameworks */,
				9420559128DF88F900A762F8 /* Resources */,
			);
			buildRules = (
			);
			dependencies = (
			);
			name = BasicTableViewController;
			productName = BasicTableViewController;
			productReference = 9420559328DF88F900A762F8 /* BasicTableViewController.app */;
			productType = "com.apple.product-type.application";
		};
		942055A828DF88FD00A762F8 /* BasicTableViewControllerTests */ = {
			isa = PBXNativeTarget;
			buildConfigurationList = 942055C028DF88FD00A762F8 /* Build configuration list for PBXNativeTarget "BasicTableViewControllerTests" */;
			buildPhases = (
				942055A528DF88FD00A762F8 /* Sources */,
				942055A628DF88FD00A762F8 /* Frameworks */,
				942055A728DF88FD00A762F8 /* Resources */,
			);
			buildRules = (
			);
			dependencies = (
				942055AB28DF88FD00A762F8 /* PBXTargetDependency */,
			);
			name = BasicTableViewControllerTests;
			productName = BasicTableViewControllerTests;
			productReference = 942055A928DF88FD00A762F8 /* BasicTableViewControllerTests.xctest */;
			productType = "com.apple.product-type.bundle.unit-test";
		};
		942055B228DF88FD00A762F8 /* BasicTableViewControllerUITests */ = {
			isa = PBXNativeTarget;
			buildConfigurationList = 942055C328DF88FD00A762F8 /* Build configuration list for PBXNativeTarget "BasicTableViewControllerUITests" */;
			buildPhases = (
				942055AF28DF88FD00A762F8 /* Sources */,
				942055B028DF88FD00A762F8 /* Frameworks */,
				942055B128DF88FD00A762F8 /* Resources */,
			);
			buildRules = (
			);
			dependencies = (
				942055B528DF88FD00A762F8 /* PBXTargetDependency */,
			);
			name = BasicTableViewControllerUITests;
			productName = BasicTableViewControllerUITests;
			productReference = 942055B328DF88FD00A762F8 /* BasicTableViewControllerUITests.xctest */;
			productType = "com.apple.product-type.bundle.ui-testing";
		};
/* End PBXNativeTarget section */

/* Begin PBXProject section */
		9420558B28DF88F900A762F8 /* Project object */ = {
			isa = PBXProject;
			attributes = {
				BuildIndependentTargetsInParallel = 1;
				LastSwiftUpdateCheck = 1340;
				LastUpgradeCheck = 1340;
				TargetAttributes = {
					9420559228DF88F900A762F8 = {
						CreatedOnToolsVersion = 13.4.1;
					};
					942055A828DF88FD00A762F8 = {
						CreatedOnToolsVersion = 13.4.1;
						TestTargetID = 9420559228DF88F900A762F8;
					};
					942055B228DF88FD00A762F8 = {
						CreatedOnToolsVersion = 13.4.1;
						TestTargetID = 9420559228DF88F900A762F8;
					};
				};
			};
			buildConfigurationList = 9420558E28DF88F900A762F8 /* Build configuration list for PBXProject "BasicTableViewController" */;
			compatibilityVersion = "Xcode 13.0";
			developmentRegion = en;
			hasScannedForEncodings = 0;
			knownRegions = (
				en,
				Base,
			);
			mainGroup = 9420558A28DF88F900A762F8;
			productRefGroup = 9420559428DF88F900A762F8 /* Products */;
			projectDirPath = "";
			projectRoot = "";
			targets = (
				9420559228DF88F900A762F8 /* BasicTableViewController */,
				942055A828DF88FD00A762F8 /* BasicTableViewControllerTests */,
				942055B228DF88FD00A762F8 /* BasicTableViewControllerUITests */,
			);
		};
/* End PBXProject section */

/* Begin PBXResourcesBuildPhase section */
		9420559128DF88F900A762F8 /* Resources */ = {
			isa = PBXResourcesBuildPhase;
			buildActionMask = 2147483647;
			files = (
				942055A328DF88FD00A762F8 /* LaunchScreen.storyboard in Resources */,
				942055A028DF88FD00A762F8 /* Assets.xcassets in Resources */,
				9420559E28DF88F900A762F8 /* Main.storyboard in Resources */,
			);
			runOnlyForDeploymentPostprocessing = 0;
		};
		942055A728DF88FD00A762F8 /* Resources */ = {
			isa = PBXResourcesBuildPhase;
			buildActionMask = 2147483647;
			files = (
			);
			runOnlyForDeploymentPostprocessing = 0;
		};
		942055B128DF88FD00A762F8 /* Resources */ = {
			isa = PBXResourcesBuildPhase;
			buildActionMask = 2147483647;
			files = (
			);
			runOnlyForDeploymentPostprocessing = 0;
		};
/* End PBXResourcesBuildPhase section */

/* Begin PBXSourcesBuildPhase section */
		9420558F28DF88F900A762F8 /* Sources */ = {
			isa = PBXSourcesBuildPhase;
			buildActionMask = 2147483647;
			files = (
				9420559B28DF88F900A762F8 /* ViewController.swift in Sources */,
				9420559728DF88F900A762F8 /* AppDelegate.swift in Sources */,
				9420559928DF88F900A762F8 /* SceneDelegate.swift in Sources */,
			);
			runOnlyForDeploymentPostprocessing = 0;
		};
		942055A528DF88FD00A762F8 /* Sources */ = {
			isa = PBXSourcesBuildPhase;
			buildActionMask = 2147483647;
			files = (
				942055AE28DF88FD00A762F8 /* BasicTableViewControllerTests.swift in Sources */,
			);
			runOnlyForDeploymentPostprocessing = 0;
		};
		942055AF28DF88FD00A762F8 /* Sources */ = {
			isa = PBXSourcesBuildPhase;
			buildActionMask = 2147483647;
			files = (
				942055B828DF88FD00A762F8 /* BasicTableViewControllerUITests.swift in Sources */,
				942055BA28DF88FD00A762F8 /* BasicTableViewControllerUITestsLaunchTests.swift in Sources */,
			);
			runOnlyForDeploymentPostprocessing = 0;
		};
/* End PBXSourcesBuildPhase section */

/* Begin PBXTargetDependency section */
		942055AB28DF88FD00A762F8 /* PBXTargetDependency */ = {
			isa = PBXTargetDependency;
			target = 9420559228DF88F900A762F8 /* BasicTableViewController */;
			targetProxy = 942055AA28DF88FD00A762F8 /* PBXContainerItemProxy */;
		};
		942055B528DF88FD00A762F8 /* PBXTargetDependency */ = {
			isa = PBXTargetDependency;
			target = 9420559228DF88F900A762F8 /* BasicTableViewController */;
			targetProxy = 942055B428DF88FD00A762F8 /* PBXContainerItemProxy */;
		};
/* End PBXTargetDependency section */

/* Begin PBXVariantGroup section */
		9420559C28DF88F900A762F8 /* Main.storyboard */ = {
			isa = PBXVariantGroup;
			children = (
				9420559D28DF88F900A762F8 /* Base */,
			);
			name = Main.storyboard;
			sourceTree = "<group>";
		};
		942055A128DF88FD00A762F8 /* LaunchScreen.storyboard */ = {
			isa = PBXVariantGroup;
			children = (
				942055A228DF88FD00A762F8 /* Base */,
			);
			name = LaunchScreen.storyboard;
			sourceTree = "<group>";
		};
/* End PBXVariantGroup section */

/* Begin XCBuildConfiguration section */
		942055BB28DF88FD00A762F8 /* Debug */ = {
			isa = XCBuildConfiguration;
			buildSettings = {
				ALWAYS_SEARCH_USER_PATHS = NO;
				CLANG_ANALYZER_NONNULL = YES;
				CLANG_ANALYZER_NUMBER_OBJECT_CONVERSION = YES_AGGRESSIVE;
				CLANG_CXX_LANGUAGE_STANDARD = "gnu++17";
				CLANG_ENABLE_MODULES = YES;
				CLANG_ENABLE_OBJC_ARC = YES;
				CLANG_ENABLE_OBJC_WEAK = YES;
				CLANG_WARN_BLOCK_CAPTURE_AUTORELEASING = YES;
				CLANG_WARN_BOOL_CONVERSION = YES;
				CLANG_WARN_COMMA = YES;
				CLANG_WARN_CONSTANT_CONVERSION = YES;
				CLANG_WARN_DEPRECATED_OBJC_IMPLEMENTATIONS = YES;
				CLANG_WARN_DIRECT_OBJC_ISA_USAGE = YES_ERROR;
				CLANG_WARN_DOCUMENTATION_COMMENTS = YES;
				CLANG_WARN_EMPTY_BODY = YES;
				CLANG_WARN_ENUM_CONVERSION = YES;
				CLANG_WARN_INFINITE_RECURSION = YES;
				CLANG_WARN_INT_CONVERSION = YES;
				CLANG_WARN_NON_LITERAL_NULL_CONVERSION = YES;
				CLANG_WARN_OBJC_IMPLICIT_RETAIN_SELF = YES;
				CLANG_WARN_OBJC_LITERAL_CONVERSION = YES;
				CLANG_WARN_OBJC_ROOT_CLASS = YES_ERROR;
				CLANG_WARN_QUOTED_INCLUDE_IN_FRAMEWORK_HEADER = YES;
				CLANG_WARN_RANGE_LOOP_ANALYSIS = YES;
				CLANG_WARN_STRICT_PROTOTYPES = YES;
				CLANG_WARN_SUSPICIOUS_MOVE = YES;
				CLANG_WARN_UNGUARDED_AVAILABILITY = YES_AGGRESSIVE;
				CLANG_WARN_UNREACHABLE_CODE = YES;
				CLANG_WARN__DUPLICATE_METHOD_MATCH = YES;
				COPY_PHASE_STRIP = NO;
				DEBUG_INFORMATION_FORMAT = dwarf;
				ENABLE_STRICT_OBJC_MSGSEND = YES;
				ENABLE_TESTABILITY = YES;
				GCC_C_LANGUAGE_STANDARD = gnu11;
				GCC_DYNAMIC_NO_PIC = NO;
				GCC_NO_COMMON_BLOCKS = YES;
				GCC_OPTIMIZATION_LEVEL = 0;
				GCC_PREPROCESSOR_DEFINITIONS = (
					"DEBUG=1",
					"$(inherited)",
				);
				GCC_WARN_64_TO_32_BIT_CONVERSION = YES;
				GCC_WARN_ABOUT_RETURN_TYPE = YES_ERROR;
				GCC_WARN_UNDECLARED_SELECTOR = YES;
				GCC_WARN_UNINITIALIZED_AUTOS = YES_AGGRESSIVE;
				GCC_WARN_UNUSED_FUNCTION = YES;
				GCC_WARN_UNUSED_VARIABLE = YES;
				IPHONEOS_DEPLOYMENT_TARGET = 15.5;
				MTL_ENABLE_DEBUG_INFO = INCLUDE_SOURCE;
				MTL_FAST_MATH = YES;
				ONLY_ACTIVE_ARCH = YES;
				SDKROOT = iphoneos;
				SWIFT_ACTIVE_COMPILATION_CONDITIONS = DEBUG;
				SWIFT_OPTIMIZATION_LEVEL = "-Onone";
			};
			name = Debug;
		};
		942055BC28DF88FD00A762F8 /* Release */ = {
			isa = XCBuildConfiguration;
			buildSettings = {
				ALWAYS_SEARCH_USER_PATHS = NO;
				CLANG_ANALYZER_NONNULL = YES;
				CLANG_ANALYZER_NUMBER_OBJECT_CONVERSION = YES_AGGRESSIVE;
				CLANG_CXX_LANGUAGE_STANDARD = "gnu++17";
				CLANG_ENABLE_MODULES = YES;
				CLANG_ENABLE_OBJC_ARC = YES;
				CLANG_ENABLE_OBJC_WEAK = YES;
				CLANG_WARN_BLOCK_CAPTURE_AUTORELEASING = YES;
				CLANG_WARN_BOOL_CONVERSION = YES;
				CLANG_WARN_COMMA = YES;
				CLANG_WARN_CONSTANT_CONVERSION = YES;
				CLANG_WARN_DEPRECATED_OBJC_IMPLEMENTATIONS = YES;
				CLANG_WARN_DIRECT_OBJC_ISA_USAGE = YES_ERROR;
				CLANG_WARN_DOCUMENTATION_COMMENTS = YES;
				CLANG_WARN_EMPTY_BODY = YES;
				CLANG_WARN_ENUM_CONVERSION = YES;
				CLANG_WARN_INFINITE_RECURSION = YES;
				CLANG_WARN_INT_CONVERSION = YES;
				CLANG_WARN_NON_LITERAL_NULL_CONVERSION = YES;
				CLANG_WARN_OBJC_IMPLICIT_RETAIN_SELF = YES;
				CLANG_WARN_OBJC_LITERAL_CONVERSION = YES;
				CLANG_WARN_OBJC_ROOT_CLASS = YES_ERROR;
				CLANG_WARN_QUOTED_INCLUDE_IN_FRAMEWORK_HEADER = YES;
				CLANG_WARN_RANGE_LOOP_ANALYSIS = YES;
				CLANG_WARN_STRICT_PROTOTYPES = YES;
				CLANG_WARN_SUSPICIOUS_MOVE = YES;
				CLANG_WARN_UNGUARDED_AVAILABILITY = YES_AGGRESSIVE;
				CLANG_WARN_UNREACHABLE_CODE = YES;
				CLANG_WARN__DUPLICATE_METHOD_MATCH = YES;
				COPY_PHASE_STRIP = NO;
				DEBUG_INFORMATION_FORMAT = "dwarf-with-dsym";
				ENABLE_NS_ASSERTIONS = NO;
				ENABLE_STRICT_OBJC_MSGSEND = YES;
				GCC_C_LANGUAGE_STANDARD = gnu11;
				GCC_NO_COMMON_BLOCKS = YES;
				GCC_WARN_64_TO_32_BIT_CONVERSION = YES;
				GCC_WARN_ABOUT_RETURN_TYPE = YES_ERROR;
				GCC_WARN_UNDECLARED_SELECTOR = YES;
				GCC_WARN_UNINITIALIZED_AUTOS = YES_AGGRESSIVE;
				GCC_WARN_UNUSED_FUNCTION = YES;
				GCC_WARN_UNUSED_VARIABLE = YES;
				IPHONEOS_DEPLOYMENT_TARGET = 15.5;
				MTL_ENABLE_DEBUG_INFO = NO;
				MTL_FAST_MATH = YES;
				SDKROOT = iphoneos;
				SWIFT_COMPILATION_MODE = wholemodule;
				SWIFT_OPTIMIZATION_LEVEL = "-O";
				VALIDATE_PRODUCT = YES;
			};
			name = Release;
		};
		942055BE28DF88FD00A762F8 /* Debug */ = {
			isa = XCBuildConfiguration;
			buildSettings = {
				ASSETCATALOG_COMPILER_APPICON_NAME = AppIcon;
				ASSETCATALOG_COMPILER_GLOBAL_ACCENT_COLOR_NAME = AccentColor;
				CODE_SIGN_STYLE = Automatic;
				CURRENT_PROJECT_VERSION = 1;
				GENERATE_INFOPLIST_FILE = YES;
				INFOPLIST_FILE = BasicTableViewController/Info.plist;
				INFOPLIST_KEY_UIApplicationSupportsIndirectInputEvents = YES;
				INFOPLIST_KEY_UILaunchStoryboardName = LaunchScreen;
				INFOPLIST_KEY_UIMainStoryboardFile = Main;
				INFOPLIST_KEY_UISupportedInterfaceOrientations_iPad = "UIInterfaceOrientationPortrait UIInterfaceOrientationPortraitUpsideDown UIInterfaceOrientationLandscapeLeft UIInterfaceOrientationLandscapeRight";
				INFOPLIST_KEY_UISupportedInterfaceOrientations_iPhone = "UIInterfaceOrientationPortrait UIInterfaceOrientationLandscapeLeft UIInterfaceOrientationLandscapeRight";
				LD_RUNPATH_SEARCH_PATHS = (
					"$(inherited)",
					"@executable_path/Frameworks",
				);
				MARKETING_VERSION = 1.0;
				PRODUCT_BUNDLE_IDENTIFIER = YuqiPan.BasicTableViewController;
				PRODUCT_NAME = "$(TARGET_NAME)";
				SWIFT_EMIT_LOC_STRINGS = YES;
				SWIFT_VERSION = 5.0;
				TARGETED_DEVICE_FAMILY = "1,2";
			};
			name = Debug;
		};
		942055BF28DF88FD00A762F8 /* Release */ = {
			isa = XCBuildConfiguration;
			buildSettings = {
				ASSETCATALOG_COMPILER_APPICON_NAME = AppIcon;
				ASSETCATALOG_COMPILER_GLOBAL_ACCENT_COLOR_NAME = AccentColor;
				CODE_SIGN_STYLE = Automatic;
				CURRENT_PROJECT_VERSION = 1;
				GENERATE_INFOPLIST_FILE = YES;
				INFOPLIST_FILE = BasicTableViewController/Info.plist;
				INFOPLIST_KEY_UIApplicationSupportsIndirectInputEvents = YES;
				INFOPLIST_KEY_UILaunchStoryboardName = LaunchScreen;
				INFOPLIST_KEY_UIMainStoryboardFile = Main;
				INFOPLIST_KEY_UISupportedInterfaceOrientations_iPad = "UIInterfaceOrientationPortrait UIInterfaceOrientationPortraitUpsideDown UIInterfaceOrientationLandscapeLeft UIInterfaceOrientationLandscapeRight";
				INFOPLIST_KEY_UISupportedInterfaceOrientations_iPhone = "UIInterfaceOrientationPortrait UIInterfaceOrientationLandscapeLeft UIInterfaceOrientationLandscapeRight";
				LD_RUNPATH_SEARCH_PATHS = (
					"$(inherited)",
					"@executable_path/Frameworks",
				);
				MARKETING_VERSION = 1.0;
				PRODUCT_BUNDLE_IDENTIFIER = YuqiPan.BasicTableViewController;
				PRODUCT_NAME = "$(TARGET_NAME)";
				SWIFT_EMIT_LOC_STRINGS = YES;
				SWIFT_VERSION = 5.0;
				TARGETED_DEVICE_FAMILY = "1,2";
			};
			name = Release;
		};
		942055C128DF88FD00A762F8 /* Debug */ = {
			isa = XCBuildConfiguration;
			buildSettings = {
				ALWAYS_EMBED_SWIFT_STANDARD_LIBRARIES = YES;
				BUNDLE_LOADER = "$(TEST_HOST)";
				CODE_SIGN_STYLE = Automatic;
				CURRENT_PROJECT_VERSION = 1;
				GENERATE_INFOPLIST_FILE = YES;
				IPHONEOS_DEPLOYMENT_TARGET = 15.5;
				MARKETING_VERSION = 1.0;
				PRODUCT_BUNDLE_IDENTIFIER = YuqiPan.BasicTableViewControllerTests;
				PRODUCT_NAME = "$(TARGET_NAME)";
				SWIFT_EMIT_LOC_STRINGS = NO;
				SWIFT_VERSION = 5.0;
				TARGETED_DEVICE_FAMILY = "1,2";
				TEST_HOST = "$(BUILT_PRODUCTS_DIR)/BasicTableViewController.app/BasicTableViewController";
			};
			name = Debug;
		};
		942055C228DF88FD00A762F8 /* Release */ = {
			isa = XCBuildConfiguration;
			buildSettings = {
				ALWAYS_EMBED_SWIFT_STANDARD_LIBRARIES = YES;
				BUNDLE_LOADER = "$(TEST_HOST)";
				CODE_SIGN_STYLE = Automatic;
				CURRENT_PROJECT_VERSION = 1;
				GENERATE_INFOPLIST_FILE = YES;
				IPHONEOS_DEPLOYMENT_TARGET = 15.5;
				MARKETING_VERSION = 1.0;
				PRODUCT_BUNDLE_IDENTIFIER = YuqiPan.BasicTableViewControllerTests;
				PRODUCT_NAME = "$(TARGET_NAME)";
				SWIFT_EMIT_LOC_STRINGS = NO;
				SWIFT_VERSION = 5.0;
				TARGETED_DEVICE_FAMILY = "1,2";
				TEST_HOST = "$(BUILT_PRODUCTS_DIR)/BasicTableViewController.app/BasicTableViewController";
			};
			name = Release;
		};
		942055C428DF88FD00A762F8 /* Debug */ = {
			isa = XCBuildConfiguration;
			buildSettings = {
				ALWAYS_EMBED_SWIFT_STANDARD_LIBRARIES = YES;
				CODE_SIGN_STYLE = Automatic;
				CURRENT_PROJECT_VERSION = 1;
				GENERATE_INFOPLIST_FILE = YES;
				MARKETING_VERSION = 1.0;
				PRODUCT_BUNDLE_IDENTIFIER = YuqiPan.BasicTableViewControllerUITests;
				PRODUCT_NAME = "$(TARGET_NAME)";
				SWIFT_EMIT_LOC_STRINGS = NO;
				SWIFT_VERSION = 5.0;
				TARGETED_DEVICE_FAMILY = "1,2";
				TEST_TARGET_NAME = BasicTableViewController;
			};
			name = Debug;
		};
		942055C528DF88FD00A762F8 /* Release */ = {
			isa = XCBuildConfiguration;
			buildSettings = {
				ALWAYS_EMBED_SWIFT_STANDARD_LIBRARIES = YES;
				CODE_SIGN_STYLE = Automatic;
				CURRENT_PROJECT_VERSION = 1;
				GENERATE_INFOPLIST_FILE = YES;
				MARKETING_VERSION = 1.0;
				PRODUCT_BUNDLE_IDENTIFIER = YuqiPan.BasicTableViewControllerUITests;
				PRODUCT_NAME = "$(TARGET_NAME)";
				SWIFT_EMIT_LOC_STRINGS = NO;
				SWIFT_VERSION = 5.0;
				TARGETED_DEVICE_FAMILY = "1,2";
				TEST_TARGET_NAME = BasicTableViewController;
			};
			name = Release;
		};
/* End XCBuildConfiguration section */

/* Begin XCConfigurationList section */
		9420558E28DF88F900A762F8 /* Build configuration list for PBXProject "BasicTableViewController" */ = {
			isa = XCConfigurationList;
			buildConfigurations = (
				942055BB28DF88FD00A762F8 /* Debug */,
				942055BC28DF88FD00A762F8 /* Release */,
			);
			defaultConfigurationIsVisible = 0;
			defaultConfigurationName = Release;
		};
		942055BD28DF88FD00A762F8 /* Build configuration list for PBXNativeTarget "BasicTableViewController" */ = {
			isa = XCConfigurationList;
			buildConfigurations = (
				942055BE28DF88FD00A762F8 /* Debug */,
				942055BF28DF88FD00A762F8 /* Release */,
			);
			defaultConfigurationIsVisible = 0;
			defaultConfigurationName = Release;
		};
		942055C028DF88FD00A762F8 /* Build configuration list for PBXNativeTarget "BasicTableViewControllerTests" */ = {
			isa = XCConfigurationList;
			buildConfigurations = (
				942055C128DF88FD00A762F8 /* Debug */,
				942055C228DF88FD00A762F8 /* Release */,
			);
			defaultConfigurationIsVisible = 0;
			defaultConfigurationName = Release;
		};
		942055C328DF88FD00A762F8 /* Build configuration list for PBXNativeTarget "BasicTableViewControllerUITests" */ = {
			isa = XCConfigurationList;
			buildConfigurations = (
				942055C428DF88FD00A762F8 /* Debug */,
				942055C528DF88FD00A762F8 /* Release */,
			);
			defaultConfigurationIsVisible = 0;
			defaultConfigurationName = Release;
		};
/* End XCConfigurationList section */
	};
	rootObject = 9420558B28DF88F900A762F8 /* Project object */;
}
